// !$*UTF8*$!
{
	archiveVersion = 1;
	classes = {
	};
	objectVersion = 50;
	objects = {

/* Begin PBXBuildFile section */
		6C02348926D6345300770FCB /* NavigationViewController.swift in Sources */ = {isa = PBXBuildFile; fileRef = 6C02348826D6345300770FCB /* NavigationViewController.swift */; };
		6C11E67626D78B6F006C57FF /* AddPlayerViewController.swift in Sources */ = {isa = PBXBuildFile; fileRef = 6C11E67526D78B6F006C57FF /* AddPlayerViewController.swift */; };
		6C11E67826D791DD006C57FF /* FontAndColor.swift in Sources */ = {isa = PBXBuildFile; fileRef = 6C11E67726D791DD006C57FF /* FontAndColor.swift */; };
		6C11E67A26D7F727006C57FF /* AttributedString.swift in Sources */ = {isa = PBXBuildFile; fileRef = 6C11E67926D7F727006C57FF /* AttributedString.swift */; };
		6C11E67C26D80322006C57FF /* GameProcessViewController.swift in Sources */ = {isa = PBXBuildFile; fileRef = 6C11E67B26D80322006C57FF /* GameProcessViewController.swift */; };
		6C11E67F26D81C92006C57FF /* DieView.swift in Sources */ = {isa = PBXBuildFile; fileRef = 6C11E67E26D81C92006C57FF /* DieView.swift */; };
		6C11E68D26D83404006C57FF /* GameTimerView.swift in Sources */ = {isa = PBXBuildFile; fileRef = 6C11E68C26D83404006C57FF /* GameTimerView.swift */; };
		6C11E6BC26DA27E3006C57FF /* GameHeaderView.swift in Sources */ = {isa = PBXBuildFile; fileRef = 6C11E6BB26DA27E3006C57FF /* GameHeaderView.swift */; };
		6C11E6C126DA6AC5006C57FF /* GameProcessCollectionViewCell.swift in Sources */ = {isa = PBXBuildFile; fileRef = 6C11E6C026DA6AC5006C57FF /* GameProcessCollectionViewCell.swift */; };
		6C11E6C326DA6D69006C57FF /* Nunito-Bold.ttf in Resources */ = {isa = PBXBuildFile; fileRef = 6C11E6C226DA6D69006C57FF /* Nunito-Bold.ttf */; };
		6C11E6C526DA921D006C57FF /* GameProcessMenuViewController.swift in Sources */ = {isa = PBXBuildFile; fileRef = 6C11E6C426DA921D006C57FF /* GameProcessMenuViewController.swift */; };
		6C11E6C726DA9657006C57FF /* GameScoreButton.swift in Sources */ = {isa = PBXBuildFile; fileRef = 6C11E6C626DA9657006C57FF /* GameScoreButton.swift */; };
		6C11E6C926DA9E25006C57FF /* GameArrowButton.swift in Sources */ = {isa = PBXBuildFile; fileRef = 6C11E6C826DA9E25006C57FF /* GameArrowButton.swift */; };
		6C11E6CB26DB9ADF006C57FF /* GameRollViewController.swift in Sources */ = {isa = PBXBuildFile; fileRef = 6C11E6CA26DB9ADF006C57FF /* GameRollViewController.swift */; };
		6C11E6CD26DBCFCE006C57FF /* GamePageControl.swift in Sources */ = {isa = PBXBuildFile; fileRef = 6C11E6CC26DBCFCE006C57FF /* GamePageControl.swift */; };
		6C11E6CF26DBE68E006C57FF /* GameUndoButton.swift in Sources */ = {isa = PBXBuildFile; fileRef = 6C11E6CE26DBE68E006C57FF /* GameUndoButton.swift */; };
		6C11E6D426DC3120006C57FF /* GameResultViewController.swift in Sources */ = {isa = PBXBuildFile; fileRef = 6C11E6D326DC3120006C57FF /* GameResultViewController.swift */; };
		6C11E6D626DC314A006C57FF /* GameResultTableCell.swift in Sources */ = {isa = PBXBuildFile; fileRef = 6C11E6D526DC314A006C57FF /* GameResultTableCell.swift */; };
		6C11E6D826DC6436006C57FF /* RoundCornersView.swift in Sources */ = {isa = PBXBuildFile; fileRef = 6C11E6D726DC6436006C57FF /* RoundCornersView.swift */; };
		6C11E6DB26DC65CE006C57FF /* NewGameAddButton.swift in Sources */ = {isa = PBXBuildFile; fileRef = 6C11E6DA26DC65CE006C57FF /* NewGameAddButton.swift */; };
		6C86E5E726D5AF1100B6E3E3 /* AppDelegate.swift in Sources */ = {isa = PBXBuildFile; fileRef = 6C86E5E626D5AF1100B6E3E3 /* AppDelegate.swift */; };
		6C86E5EB26D5AF1100B6E3E3 /* NewGameViewController.swift in Sources */ = {isa = PBXBuildFile; fileRef = 6C86E5EA26D5AF1100B6E3E3 /* NewGameViewController.swift */; };
		6C86E5F026D5AF1800B6E3E3 /* Assets.xcassets in Resources */ = {isa = PBXBuildFile; fileRef = 6C86E5EF26D5AF1800B6E3E3 /* Assets.xcassets */; };
		6C86E5F326D5AF1800B6E3E3 /* LaunchScreen.storyboard in Resources */ = {isa = PBXBuildFile; fileRef = 6C86E5F126D5AF1800B6E3E3 /* LaunchScreen.storyboard */; };
		6CC5DCD926D6624A006CA8DF /* GameCounter.swift in Sources */ = {isa = PBXBuildFile; fileRef = 6CC5DCD826D6624A006CA8DF /* GameCounter.swift */; };
		6CC5DCDB26D6645C006CA8DF /* Player.swift in Sources */ = {isa = PBXBuildFile; fileRef = 6CC5DCDA26D6645C006CA8DF /* Player.swift */; };
		6CC5DCDD26D67044006CA8DF /* Nunito-SemiBold.ttf in Resources */ = {isa = PBXBuildFile; fileRef = 6CC5DCDC26D67044006CA8DF /* Nunito-SemiBold.ttf */; };
		6CC5DCDF26D670C0006CA8DF /* Nunito-ExtraBold.ttf in Resources */ = {isa = PBXBuildFile; fileRef = 6CC5DCDE26D670C0006CA8DF /* Nunito-ExtraBold.ttf */; };
		6CC5DCE426D6A1FB006CA8DF /* GameCounterCell.swift in Sources */ = {isa = PBXBuildFile; fileRef = 6CC5DCE326D6A1FB006CA8DF /* GameCounterCell.swift */; };
		6CC5DCE626D6AE4B006CA8DF /* GameCounterCellButton.swift in Sources */ = {isa = PBXBuildFile; fileRef = 6CC5DCE526D6AE4B006CA8DF /* GameCounterCellButton.swift */; };
		6CC5DCEA26D6ED79006CA8DF /* StartGameButton.swift in Sources */ = {isa = PBXBuildFile; fileRef = 6CC5DCE926D6ED79006CA8DF /* StartGameButton.swift */; };
/* End PBXBuildFile section */

/* Begin PBXFileReference section */
		6C02348826D6345300770FCB /* NavigationViewController.swift */ = {isa = PBXFileReference; lastKnownFileType = sourcecode.swift; path = NavigationViewController.swift; sourceTree = "<group>"; };
		6C11E67526D78B6F006C57FF /* AddPlayerViewController.swift */ = {isa = PBXFileReference; lastKnownFileType = sourcecode.swift; path = AddPlayerViewController.swift; sourceTree = "<group>"; };
		6C11E67726D791DD006C57FF /* FontAndColor.swift */ = {isa = PBXFileReference; lastKnownFileType = sourcecode.swift; path = FontAndColor.swift; sourceTree = "<group>"; };
		6C11E67926D7F727006C57FF /* AttributedString.swift */ = {isa = PBXFileReference; lastKnownFileType = sourcecode.swift; path = AttributedString.swift; sourceTree = "<group>"; };
		6C11E67B26D80322006C57FF /* GameProcessViewController.swift */ = {isa = PBXFileReference; lastKnownFileType = sourcecode.swift; path = GameProcessViewController.swift; sourceTree = "<group>"; };
		6C11E67E26D81C92006C57FF /* DieView.swift */ = {isa = PBXFileReference; lastKnownFileType = sourcecode.swift; path = DieView.swift; sourceTree = "<group>"; };
		6C11E68C26D83404006C57FF /* GameTimerView.swift */ = {isa = PBXFileReference; lastKnownFileType = sourcecode.swift; path = GameTimerView.swift; sourceTree = "<group>"; };
		6C11E6BB26DA27E3006C57FF /* GameHeaderView.swift */ = {isa = PBXFileReference; lastKnownFileType = sourcecode.swift; path = GameHeaderView.swift; sourceTree = "<group>"; };
		6C11E6C026DA6AC5006C57FF /* GameProcessCollectionViewCell.swift */ = {isa = PBXFileReference; lastKnownFileType = sourcecode.swift; path = GameProcessCollectionViewCell.swift; sourceTree = "<group>"; };
		6C11E6C226DA6D69006C57FF /* Nunito-Bold.ttf */ = {isa = PBXFileReference; lastKnownFileType = file; path = "Nunito-Bold.ttf"; sourceTree = "<group>"; };
		6C11E6C426DA921D006C57FF /* GameProcessMenuViewController.swift */ = {isa = PBXFileReference; lastKnownFileType = sourcecode.swift; path = GameProcessMenuViewController.swift; sourceTree = "<group>"; };
		6C11E6C626DA9657006C57FF /* GameScoreButton.swift */ = {isa = PBXFileReference; lastKnownFileType = sourcecode.swift; path = GameScoreButton.swift; sourceTree = "<group>"; };
		6C11E6C826DA9E25006C57FF /* GameArrowButton.swift */ = {isa = PBXFileReference; lastKnownFileType = sourcecode.swift; path = GameArrowButton.swift; sourceTree = "<group>"; };
		6C11E6CA26DB9ADF006C57FF /* GameRollViewController.swift */ = {isa = PBXFileReference; lastKnownFileType = sourcecode.swift; path = GameRollViewController.swift; sourceTree = "<group>"; };
		6C11E6CC26DBCFCE006C57FF /* GamePageControl.swift */ = {isa = PBXFileReference; lastKnownFileType = sourcecode.swift; path = GamePageControl.swift; sourceTree = "<group>"; };
		6C11E6CE26DBE68E006C57FF /* GameUndoButton.swift */ = {isa = PBXFileReference; lastKnownFileType = sourcecode.swift; path = GameUndoButton.swift; sourceTree = "<group>"; };
		6C11E6D326DC3120006C57FF /* GameResultViewController.swift */ = {isa = PBXFileReference; lastKnownFileType = sourcecode.swift; path = GameResultViewController.swift; sourceTree = "<group>"; };
		6C11E6D526DC314A006C57FF /* GameResultTableCell.swift */ = {isa = PBXFileReference; lastKnownFileType = sourcecode.swift; path = GameResultTableCell.swift; sourceTree = "<group>"; };
		6C11E6D726DC6436006C57FF /* RoundCornersView.swift */ = {isa = PBXFileReference; lastKnownFileType = sourcecode.swift; path = RoundCornersView.swift; sourceTree = "<group>"; };
		6C11E6DA26DC65CE006C57FF /* NewGameAddButton.swift */ = {isa = PBXFileReference; lastKnownFileType = sourcecode.swift; path = NewGameAddButton.swift; sourceTree = "<group>"; };
		6C86E5E326D5AF1100B6E3E3 /* RSSchool_GameCounter.app */ = {isa = PBXFileReference; explicitFileType = wrapper.application; includeInIndex = 0; path = RSSchool_GameCounter.app; sourceTree = BUILT_PRODUCTS_DIR; };
		6C86E5E626D5AF1100B6E3E3 /* AppDelegate.swift */ = {isa = PBXFileReference; lastKnownFileType = sourcecode.swift; path = AppDelegate.swift; sourceTree = "<group>"; };
		6C86E5EA26D5AF1100B6E3E3 /* NewGameViewController.swift */ = {isa = PBXFileReference; lastKnownFileType = sourcecode.swift; path = NewGameViewController.swift; sourceTree = "<group>"; };
		6C86E5EF26D5AF1800B6E3E3 /* Assets.xcassets */ = {isa = PBXFileReference; lastKnownFileType = folder.assetcatalog; path = Assets.xcassets; sourceTree = "<group>"; };
		6C86E5F226D5AF1800B6E3E3 /* Base */ = {isa = PBXFileReference; lastKnownFileType = file.storyboard; name = Base; path = Base.lproj/LaunchScreen.storyboard; sourceTree = "<group>"; };
		6C86E5F426D5AF1800B6E3E3 /* Info.plist */ = {isa = PBXFileReference; lastKnownFileType = text.plist.xml; path = Info.plist; sourceTree = "<group>"; };
		6CC5DCD826D6624A006CA8DF /* GameCounter.swift */ = {isa = PBXFileReference; lastKnownFileType = sourcecode.swift; path = GameCounter.swift; sourceTree = "<group>"; };
		6CC5DCDA26D6645C006CA8DF /* Player.swift */ = {isa = PBXFileReference; lastKnownFileType = sourcecode.swift; path = Player.swift; sourceTree = "<group>"; };
		6CC5DCDC26D67044006CA8DF /* Nunito-SemiBold.ttf */ = {isa = PBXFileReference; lastKnownFileType = file; path = "Nunito-SemiBold.ttf"; sourceTree = "<group>"; };
		6CC5DCDE26D670C0006CA8DF /* Nunito-ExtraBold.ttf */ = {isa = PBXFileReference; lastKnownFileType = file; path = "Nunito-ExtraBold.ttf"; sourceTree = "<group>"; };
		6CC5DCE326D6A1FB006CA8DF /* GameCounterCell.swift */ = {isa = PBXFileReference; lastKnownFileType = sourcecode.swift; path = GameCounterCell.swift; sourceTree = "<group>"; };
		6CC5DCE526D6AE4B006CA8DF /* GameCounterCellButton.swift */ = {isa = PBXFileReference; lastKnownFileType = sourcecode.swift; path = GameCounterCellButton.swift; sourceTree = "<group>"; };
		6CC5DCE926D6ED79006CA8DF /* StartGameButton.swift */ = {isa = PBXFileReference; lastKnownFileType = sourcecode.swift; path = StartGameButton.swift; sourceTree = "<group>"; };
/* End PBXFileReference section */

/* Begin PBXFrameworksBuildPhase section */
		6C86E5E026D5AF1100B6E3E3 /* Frameworks */ = {
			isa = PBXFrameworksBuildPhase;
			buildActionMask = 2147483647;
			files = (
			);
			runOnlyForDeploymentPostprocessing = 0;
		};
/* End PBXFrameworksBuildPhase section */

/* Begin PBXGroup section */
		6C11E67026D7893A006C57FF /* View */ = {
			isa = PBXGroup;
			children = (
				6C11E6D926DC6478006C57FF /* ExtensionForDefaultClasses */,
				6C11E6BF26DA69E5006C57FF /* GameProcessView */,
				6C11E67126D7896B006C57FF /* NewGameViews */,
				6C11E67E26D81C92006C57FF /* DieView.swift */,
				6C11E6D526DC314A006C57FF /* GameResultTableCell.swift */,
			);
			path = View;
			sourceTree = "<group>";
		};
		6C11E67126D7896B006C57FF /* NewGameViews */ = {
			isa = PBXGroup;
			children = (
				6CC5DCE326D6A1FB006CA8DF /* GameCounterCell.swift */,
				6CC5DCE526D6AE4B006CA8DF /* GameCounterCellButton.swift */,
				6CC5DCE926D6ED79006CA8DF /* StartGameButton.swift */,
				6C11E6DA26DC65CE006C57FF /* NewGameAddButton.swift */,
			);
			path = NewGameViews;
			sourceTree = "<group>";
		};
		6C11E67226D78984006C57FF /* Model */ = {
			isa = PBXGroup;
			children = (
				6CC5DCD826D6624A006CA8DF /* GameCounter.swift */,
				6CC5DCDA26D6645C006CA8DF /* Player.swift */,
			);
			path = Model;
			sourceTree = "<group>";
		};
		6C11E67326D78990006C57FF /* Controller */ = {
			isa = PBXGroup;
			children = (
				6C11E6D226DC30C6006C57FF /* GameProcess */,
				6C02348826D6345300770FCB /* NavigationViewController.swift */,
				6C86E5EA26D5AF1100B6E3E3 /* NewGameViewController.swift */,
				6C11E67526D78B6F006C57FF /* AddPlayerViewController.swift */,
				6C11E6CA26DB9ADF006C57FF /* GameRollViewController.swift */,
				6C11E6D326DC3120006C57FF /* GameResultViewController.swift */,
			);
			path = Controller;
			sourceTree = "<group>";
		};
		6C11E67426D789AB006C57FF /* OtherFiles */ = {
			isa = PBXGroup;
			children = (
				6CC5DCE026D670D4006CA8DF /* Fonts */,
				6C86E5E626D5AF1100B6E3E3 /* AppDelegate.swift */,
				6C86E5EF26D5AF1800B6E3E3 /* Assets.xcassets */,
				6C86E5F426D5AF1800B6E3E3 /* Info.plist */,
				6C86E5F126D5AF1800B6E3E3 /* LaunchScreen.storyboard */,
			);
			path = OtherFiles;
			sourceTree = "<group>";
		};
		6C11E6BF26DA69E5006C57FF /* GameProcessView */ = {
			isa = PBXGroup;
			children = (
				6C11E6BB26DA27E3006C57FF /* GameHeaderView.swift */,
				6C11E68C26D83404006C57FF /* GameTimerView.swift */,
				6C11E6C026DA6AC5006C57FF /* GameProcessCollectionViewCell.swift */,
				6C11E6C626DA9657006C57FF /* GameScoreButton.swift */,
				6C11E6C826DA9E25006C57FF /* GameArrowButton.swift */,
				6C11E6CC26DBCFCE006C57FF /* GamePageControl.swift */,
				6C11E6CE26DBE68E006C57FF /* GameUndoButton.swift */,
			);
			path = GameProcessView;
			sourceTree = "<group>";
		};
		6C11E6D226DC30C6006C57FF /* GameProcess */ = {
			isa = PBXGroup;
			children = (
				6C11E67B26D80322006C57FF /* GameProcessViewController.swift */,
				6C11E6C426DA921D006C57FF /* GameProcessMenuViewController.swift */,
			);
			path = GameProcess;
			sourceTree = "<group>";
		};
		6C11E6D926DC6478006C57FF /* ExtensionForDefaultClasses */ = {
			isa = PBXGroup;
			children = (
				6C11E67726D791DD006C57FF /* FontAndColor.swift */,
				6C11E67926D7F727006C57FF /* AttributedString.swift */,
				6C11E6D726DC6436006C57FF /* RoundCornersView.swift */,
			);
			path = ExtensionForDefaultClasses;
			sourceTree = "<group>";
		};
		6C86E5DA26D5AF1000B6E3E3 = {
			isa = PBXGroup;
			children = (
				6C86E5E526D5AF1100B6E3E3 /* RSSchool_GameCounter */,
				6C86E5E426D5AF1100B6E3E3 /* Products */,
			);
			sourceTree = "<group>";
		};
		6C86E5E426D5AF1100B6E3E3 /* Products */ = {
			isa = PBXGroup;
			children = (
				6C86E5E326D5AF1100B6E3E3 /* RSSchool_GameCounter.app */,
			);
			name = Products;
			sourceTree = "<group>";
		};
		6C86E5E526D5AF1100B6E3E3 /* RSSchool_GameCounter */ = {
			isa = PBXGroup;
			children = (
				6C11E67426D789AB006C57FF /* OtherFiles */,
				6C11E67226D78984006C57FF /* Model */,
				6C11E67026D7893A006C57FF /* View */,
				6C11E67326D78990006C57FF /* Controller */,
			);
			path = RSSchool_GameCounter;
			sourceTree = "<group>";
		};
		6CC5DCE026D670D4006CA8DF /* Fonts */ = {
			isa = PBXGroup;
			children = (
				6CC5DCDC26D67044006CA8DF /* Nunito-SemiBold.ttf */,
				6C11E6C226DA6D69006C57FF /* Nunito-Bold.ttf */,
				6CC5DCDE26D670C0006CA8DF /* Nunito-ExtraBold.ttf */,
			);
			path = Fonts;
			sourceTree = "<group>";
		};
/* End PBXGroup section */

/* Begin PBXNativeTarget section */
		6C86E5E226D5AF1100B6E3E3 /* RSSchool_GameCounter */ = {
			isa = PBXNativeTarget;
			buildConfigurationList = 6C86E5F726D5AF1800B6E3E3 /* Build configuration list for PBXNativeTarget "RSSchool_GameCounter" */;
			buildPhases = (
				6C86E5DF26D5AF1100B6E3E3 /* Sources */,
				6C86E5E026D5AF1100B6E3E3 /* Frameworks */,
				6C86E5E126D5AF1100B6E3E3 /* Resources */,
			);
			buildRules = (
			);
			dependencies = (
			);
			name = RSSchool_GameCounter;
			productName = RSSchool_GameCounter;
			productReference = 6C86E5E326D5AF1100B6E3E3 /* RSSchool_GameCounter.app */;
			productType = "com.apple.product-type.application";
		};
/* End PBXNativeTarget section */

/* Begin PBXProject section */
		6C86E5DB26D5AF1100B6E3E3 /* Project object */ = {
			isa = PBXProject;
			attributes = {
				LastSwiftUpdateCheck = 1250;
				LastUpgradeCheck = 1250;
				TargetAttributes = {
					6C86E5E226D5AF1100B6E3E3 = {
						CreatedOnToolsVersion = 12.5;
					};
				};
			};
			buildConfigurationList = 6C86E5DE26D5AF1100B6E3E3 /* Build configuration list for PBXProject "RSSchool_GameCounter" */;
			compatibilityVersion = "Xcode 9.3";
			developmentRegion = en;
			hasScannedForEncodings = 0;
			knownRegions = (
				en,
				Base,
			);
			mainGroup = 6C86E5DA26D5AF1000B6E3E3;
			productRefGroup = 6C86E5E426D5AF1100B6E3E3 /* Products */;
			projectDirPath = "";
			projectRoot = "";
			targets = (
				6C86E5E226D5AF1100B6E3E3 /* RSSchool_GameCounter */,
			);
		};
/* End PBXProject section */

/* Begin PBXResourcesBuildPhase section */
		6C86E5E126D5AF1100B6E3E3 /* Resources */ = {
			isa = PBXResourcesBuildPhase;
			buildActionMask = 2147483647;
			files = (
				6CC5DCDD26D67044006CA8DF /* Nunito-SemiBold.ttf in Resources */,
				6C86E5F326D5AF1800B6E3E3 /* LaunchScreen.storyboard in Resources */,
				6C86E5F026D5AF1800B6E3E3 /* Assets.xcassets in Resources */,
				6CC5DCDF26D670C0006CA8DF /* Nunito-ExtraBold.ttf in Resources */,
				6C11E6C326DA6D69006C57FF /* Nunito-Bold.ttf in Resources */,
			);
			runOnlyForDeploymentPostprocessing = 0;
		};
/* End PBXResourcesBuildPhase section */

/* Begin PBXSourcesBuildPhase section */
		6C86E5DF26D5AF1100B6E3E3 /* Sources */ = {
			isa = PBXSourcesBuildPhase;
			buildActionMask = 2147483647;
			files = (
				6CC5DCE426D6A1FB006CA8DF /* GameCounterCell.swift in Sources */,
				6C11E67A26D7F727006C57FF /* AttributedString.swift in Sources */,
				6CC5DCE626D6AE4B006CA8DF /* GameCounterCellButton.swift in Sources */,
				6C11E6D826DC6436006C57FF /* RoundCornersView.swift in Sources */,
				6C11E67826D791DD006C57FF /* FontAndColor.swift in Sources */,
				6C02348926D6345300770FCB /* NavigationViewController.swift in Sources */,
				6C86E5EB26D5AF1100B6E3E3 /* NewGameViewController.swift in Sources */,
				6C11E6CB26DB9ADF006C57FF /* GameRollViewController.swift in Sources */,
				6C11E68D26D83404006C57FF /* GameTimerView.swift in Sources */,
				6C11E67F26D81C92006C57FF /* DieView.swift in Sources */,
				6C11E67C26D80322006C57FF /* GameProcessViewController.swift in Sources */,
				6C11E67626D78B6F006C57FF /* AddPlayerViewController.swift in Sources */,
				6CC5DCEA26D6ED79006CA8DF /* StartGameButton.swift in Sources */,
				6C11E6CD26DBCFCE006C57FF /* GamePageControl.swift in Sources */,
				6C11E6D426DC3120006C57FF /* GameResultViewController.swift in Sources */,
				6CC5DCD926D6624A006CA8DF /* GameCounter.swift in Sources */,
				6C11E6D626DC314A006C57FF /* GameResultTableCell.swift in Sources */,
				6C11E6C126DA6AC5006C57FF /* GameProcessCollectionViewCell.swift in Sources */,
				6C11E6CF26DBE68E006C57FF /* GameUndoButton.swift in Sources */,
				6C11E6C726DA9657006C57FF /* GameScoreButton.swift in Sources */,
				6C11E6BC26DA27E3006C57FF /* GameHeaderView.swift in Sources */,
				6C11E6DB26DC65CE006C57FF /* NewGameAddButton.swift in Sources */,
				6C11E6C526DA921D006C57FF /* GameProcessMenuViewController.swift in Sources */,
				6C11E6C926DA9E25006C57FF /* GameArrowButton.swift in Sources */,
				6CC5DCDB26D6645C006CA8DF /* Player.swift in Sources */,
				6C86E5E726D5AF1100B6E3E3 /* AppDelegate.swift in Sources */,
			);
			runOnlyForDeploymentPostprocessing = 0;
		};
/* End PBXSourcesBuildPhase section */

/* Begin PBXVariantGroup section */
		6C86E5F126D5AF1800B6E3E3 /* LaunchScreen.storyboard */ = {
			isa = PBXVariantGroup;
			children = (
				6C86E5F226D5AF1800B6E3E3 /* Base */,
			);
			name = LaunchScreen.storyboard;
			sourceTree = "<group>";
		};
/* End PBXVariantGroup section */

/* Begin XCBuildConfiguration section */
		6C86E5F526D5AF1800B6E3E3 /* Debug */ = {
			isa = XCBuildConfiguration;
			buildSettings = {
				ALWAYS_SEARCH_USER_PATHS = NO;
				CLANG_ANALYZER_NONNULL = YES;
				CLANG_ANALYZER_NUMBER_OBJECT_CONVERSION = YES_AGGRESSIVE;
				CLANG_CXX_LANGUAGE_STANDARD = "gnu++14";
				CLANG_CXX_LIBRARY = "libc++";
				CLANG_ENABLE_MODULES = YES;
				CLANG_ENABLE_OBJC_ARC = YES;
				CLANG_ENABLE_OBJC_WEAK = YES;
				CLANG_WARN_BLOCK_CAPTURE_AUTORELEASING = YES;
				CLANG_WARN_BOOL_CONVERSION = YES;
				CLANG_WARN_COMMA = YES;
				CLANG_WARN_CONSTANT_CONVERSION = YES;
				CLANG_WARN_DEPRECATED_OBJC_IMPLEMENTATIONS = YES;
				CLANG_WARN_DIRECT_OBJC_ISA_USAGE = YES_ERROR;
				CLANG_WARN_DOCUMENTATION_COMMENTS = YES;
				CLANG_WARN_EMPTY_BODY = YES;
				CLANG_WARN_ENUM_CONVERSION = YES;
				CLANG_WARN_INFINITE_RECURSION = YES;
				CLANG_WARN_INT_CONVERSION = YES;
				CLANG_WARN_NON_LITERAL_NULL_CONVERSION = YES;
				CLANG_WARN_OBJC_IMPLICIT_RETAIN_SELF = YES;
				CLANG_WARN_OBJC_LITERAL_CONVERSION = YES;
				CLANG_WARN_OBJC_ROOT_CLASS = YES_ERROR;
				CLANG_WARN_QUOTED_INCLUDE_IN_FRAMEWORK_HEADER = YES;
				CLANG_WARN_RANGE_LOOP_ANALYSIS = YES;
				CLANG_WARN_STRICT_PROTOTYPES = YES;
				CLANG_WARN_SUSPICIOUS_MOVE = YES;
				CLANG_WARN_UNGUARDED_AVAILABILITY = YES_AGGRESSIVE;
				CLANG_WARN_UNREACHABLE_CODE = YES;
				CLANG_WARN__DUPLICATE_METHOD_MATCH = YES;
				COPY_PHASE_STRIP = NO;
				DEBUG_INFORMATION_FORMAT = dwarf;
				ENABLE_STRICT_OBJC_MSGSEND = YES;
				ENABLE_TESTABILITY = YES;
				GCC_C_LANGUAGE_STANDARD = gnu11;
				GCC_DYNAMIC_NO_PIC = NO;
				GCC_NO_COMMON_BLOCKS = YES;
				GCC_OPTIMIZATION_LEVEL = 0;
				GCC_PREPROCESSOR_DEFINITIONS = (
					"DEBUG=1",
					"$(inherited)",
				);
				GCC_WARN_64_TO_32_BIT_CONVERSION = YES;
				GCC_WARN_ABOUT_RETURN_TYPE = YES_ERROR;
				GCC_WARN_UNDECLARED_SELECTOR = YES;
				GCC_WARN_UNINITIALIZED_AUTOS = YES_AGGRESSIVE;
				GCC_WARN_UNUSED_FUNCTION = YES;
				GCC_WARN_UNUSED_VARIABLE = YES;
				IPHONEOS_DEPLOYMENT_TARGET = 12.1;
				MTL_ENABLE_DEBUG_INFO = INCLUDE_SOURCE;
				MTL_FAST_MATH = YES;
				ONLY_ACTIVE_ARCH = YES;
				SDKROOT = iphoneos;
				SWIFT_ACTIVE_COMPILATION_CONDITIONS = DEBUG;
				SWIFT_OPTIMIZATION_LEVEL = "-Onone";
			};
			name = Debug;
		};
		6C86E5F626D5AF1800B6E3E3 /* Release */ = {
			isa = XCBuildConfiguration;
			buildSettings = {
				ALWAYS_SEARCH_USER_PATHS = NO;
				CLANG_ANALYZER_NONNULL = YES;
				CLANG_ANALYZER_NUMBER_OBJECT_CONVERSION = YES_AGGRESSIVE;
				CLANG_CXX_LANGUAGE_STANDARD = "gnu++14";
				CLANG_CXX_LIBRARY = "libc++";
				CLANG_ENABLE_MODULES = YES;
				CLANG_ENABLE_OBJC_ARC = YES;
				CLANG_ENABLE_OBJC_WEAK = YES;
				CLANG_WARN_BLOCK_CAPTURE_AUTORELEASING = YES;
				CLANG_WARN_BOOL_CONVERSION = YES;
				CLANG_WARN_COMMA = YES;
				CLANG_WARN_CONSTANT_CONVERSION = YES;
				CLANG_WARN_DEPRECATED_OBJC_IMPLEMENTATIONS = YES;
				CLANG_WARN_DIRECT_OBJC_ISA_USAGE = YES_ERROR;
				CLANG_WARN_DOCUMENTATION_COMMENTS = YES;
				CLANG_WARN_EMPTY_BODY = YES;
				CLANG_WARN_ENUM_CONVERSION = YES;
				CLANG_WARN_INFINITE_RECURSION = YES;
				CLANG_WARN_INT_CONVERSION = YES;
				CLANG_WARN_NON_LITERAL_NULL_CONVERSION = YES;
				CLANG_WARN_OBJC_IMPLICIT_RETAIN_SELF = YES;
				CLANG_WARN_OBJC_LITERAL_CONVERSION = YES;
				CLANG_WARN_OBJC_ROOT_CLASS = YES_ERROR;
				CLANG_WARN_QUOTED_INCLUDE_IN_FRAMEWORK_HEADER = YES;
				CLANG_WARN_RANGE_LOOP_ANALYSIS = YES;
				CLANG_WARN_STRICT_PROTOTYPES = YES;
				CLANG_WARN_SUSPICIOUS_MOVE = YES;
				CLANG_WARN_UNGUARDED_AVAILABILITY = YES_AGGRESSIVE;
				CLANG_WARN_UNREACHABLE_CODE = YES;
				CLANG_WARN__DUPLICATE_METHOD_MATCH = YES;
				COPY_PHASE_STRIP = NO;
				DEBUG_INFORMATION_FORMAT = "dwarf-with-dsym";
				ENABLE_NS_ASSERTIONS = NO;
				ENABLE_STRICT_OBJC_MSGSEND = YES;
				GCC_C_LANGUAGE_STANDARD = gnu11;
				GCC_NO_COMMON_BLOCKS = YES;
				GCC_WARN_64_TO_32_BIT_CONVERSION = YES;
				GCC_WARN_ABOUT_RETURN_TYPE = YES_ERROR;
				GCC_WARN_UNDECLARED_SELECTOR = YES;
				GCC_WARN_UNINITIALIZED_AUTOS = YES_AGGRESSIVE;
				GCC_WARN_UNUSED_FUNCTION = YES;
				GCC_WARN_UNUSED_VARIABLE = YES;
				IPHONEOS_DEPLOYMENT_TARGET = 12.1;
				MTL_ENABLE_DEBUG_INFO = NO;
				MTL_FAST_MATH = YES;
				SDKROOT = iphoneos;
				SWIFT_COMPILATION_MODE = wholemodule;
				SWIFT_OPTIMIZATION_LEVEL = "-O";
				VALIDATE_PRODUCT = YES;
			};
			name = Release;
		};
		6C86E5F826D5AF1800B6E3E3 /* Debug */ = {
			isa = XCBuildConfiguration;
			buildSettings = {
				ASSETCATALOG_COMPILER_APPICON_NAME = AppIcon;
				ASSETCATALOG_COMPILER_GLOBAL_ACCENT_COLOR_NAME = AccentColor;
				CODE_SIGN_STYLE = Automatic;
				DEVELOPMENT_TEAM = H667QRM4K6;
				INFOPLIST_FILE = RSSchool_GameCounter/OtherFiles/Info.plist;
				IPHONEOS_DEPLOYMENT_TARGET = 12.1;
				LD_RUNPATH_SEARCH_PATHS = (
					"$(inherited)",
					"@executable_path/Frameworks",
				);
				PRODUCT_BUNDLE_IDENTIFIER = "PoliubinEE.RSSchool-GameCounter";
				PRODUCT_NAME = "$(TARGET_NAME)";
				SWIFT_VERSION = 5.0;
				TARGETED_DEVICE_FAMILY = 1;
			};
			name = Debug;
		};
		6C86E5F926D5AF1800B6E3E3 /* Release */ = {
			isa = XCBuildConfiguration;
			buildSettings = {
				ASSETCATALOG_COMPILER_APPICON_NAME = AppIcon;
				ASSETCATALOG_COMPILER_GLOBAL_ACCENT_COLOR_NAME = AccentColor;
				CODE_SIGN_STYLE = Automatic;
				DEVELOPMENT_TEAM = H667QRM4K6;
				INFOPLIST_FILE = RSSchool_GameCounter/OtherFiles/Info.plist;
				IPHONEOS_DEPLOYMENT_TARGET = 12.1;
				LD_RUNPATH_SEARCH_PATHS = (
					"$(inherited)",
					"@executable_path/Frameworks",
				);
				PRODUCT_BUNDLE_IDENTIFIER = "PoliubinEE.RSSchool-GameCounter";
				PRODUCT_NAME = "$(TARGET_NAME)";
				SWIFT_VERSION = 5.0;
				TARGETED_DEVICE_FAMILY = 1;
			};
			name = Release;
		};
/* End XCBuildConfiguration section */

/* Begin XCConfigurationList section */
		6C86E5DE26D5AF1100B6E3E3 /* Build configuration list for PBXProject "RSSchool_GameCounter" */ = {
			isa = XCConfigurationList;
			buildConfigurations = (
				6C86E5F526D5AF1800B6E3E3 /* Debug */,
				6C86E5F626D5AF1800B6E3E3 /* Release */,
			);
			defaultConfigurationIsVisible = 0;
			defaultConfigurationName = Release;
		};
		6C86E5F726D5AF1800B6E3E3 /* Build configuration list for PBXNativeTarget "RSSchool_GameCounter" */ = {
			isa = XCConfigurationList;
			buildConfigurations = (
				6C86E5F826D5AF1800B6E3E3 /* Debug */,
				6C86E5F926D5AF1800B6E3E3 /* Release */,
			);
			defaultConfigurationIsVisible = 0;
			defaultConfigurationName = Release;
		};
/* End XCConfigurationList section */
	};
	rootObject = 6C86E5DB26D5AF1100B6E3E3 /* Project object */;
}
